// !$*UTF8*$!
{
	archiveVersion = 1;
	classes = {
	};
	objectVersion = 48;
	objects = {

/* Begin PBXBuildFile section */
		042F49DE31344DD119989289 /* Pods_SharedShoppingApp.framework in Frameworks */ = {isa = PBXBuildFile; fileRef = FFF508ADFF86653D01AD5541 /* Pods_SharedShoppingApp.framework */; };
		313AD6951F82EC730055D7CF /* List.swift in Sources */ = {isa = PBXBuildFile; fileRef = 313AD6941F82EC730055D7CF /* List.swift */; };
		313AD6981F82EC950055D7CF /* ListSpec.swift in Sources */ = {isa = PBXBuildFile; fileRef = 313AD6971F82EC950055D7CF /* ListSpec.swift */; };
		313AD69A1F83042F0055D7CF /* MutableList.swift in Sources */ = {isa = PBXBuildFile; fileRef = 313AD6991F83042F0055D7CF /* MutableList.swift */; };
		313E8DFE1F845E7C00EE575E /* MutableListSpec.swift in Sources */ = {isa = PBXBuildFile; fileRef = 313E8DFD1F845E7C00EE575E /* MutableListSpec.swift */; };
		316AA6251F7F10F500A9407E /* ShoppingsTableViewCell.swift in Sources */ = {isa = PBXBuildFile; fileRef = 316AA6241F7F10F500A9407E /* ShoppingsTableViewCell.swift */; };
		317920761F884B6F00D7359F /* UIViewController_Embedding.swift in Sources */ = {isa = PBXBuildFile; fileRef = 317920751F884B6F00D7359F /* UIViewController_Embedding.swift */; };
		317920791F884B9A00D7359F /* TableViewController.swift in Sources */ = {isa = PBXBuildFile; fileRef = 317920781F884B9A00D7359F /* TableViewController.swift */; };
		3179207B1F884BBB00D7359F /* TableRowViewModel.swift in Sources */ = {isa = PBXBuildFile; fileRef = 3179207A1F884BBB00D7359F /* TableRowViewModel.swift */; };
		3179207D1F884BE800D7359F /* ShoppingsTableRow.swift in Sources */ = {isa = PBXBuildFile; fileRef = 3179207C1F884BE800D7359F /* ShoppingsTableRow.swift */; };
		317920801F884CFA00D7359F /* TableViewControllerSpec.swift in Sources */ = {isa = PBXBuildFile; fileRef = 3179207F1F884CFA00D7359F /* TableViewControllerSpec.swift */; };
		317920821F88597000D7359F /* TableRowStub.swift in Sources */ = {isa = PBXBuildFile; fileRef = 317920811F88597000D7359F /* TableRowStub.swift */; };
		317920841F8859E600D7359F /* Container_ShoppingsTableViewModel.swift in Sources */ = {isa = PBXBuildFile; fileRef = 317920831F8859E600D7359F /* Container_ShoppingsTableViewModel.swift */; };
		317920861F885A0100D7359F /* ShoppingsTableViewModel.swift in Sources */ = {isa = PBXBuildFile; fileRef = 317920851F885A0100D7359F /* ShoppingsTableViewModel.swift */; };
		319486251F7C389C00DB435B /* AppDelegate.swift in Sources */ = {isa = PBXBuildFile; fileRef = 319486241F7C389C00DB435B /* AppDelegate.swift */; };
		3194862C1F7C389C00DB435B /* Assets.xcassets in Resources */ = {isa = PBXBuildFile; fileRef = 3194862B1F7C389C00DB435B /* Assets.xcassets */; };
		3194862F1F7C389C00DB435B /* LaunchScreen.storyboard in Resources */ = {isa = PBXBuildFile; fileRef = 3194862D1F7C389C00DB435B /* LaunchScreen.storyboard */; };
		31A6F8701F7C4D7A00D40F15 /* AppDelegateSpec.swift in Sources */ = {isa = PBXBuildFile; fileRef = 31A6F86F1F7C4D7A00D40F15 /* AppDelegateSpec.swift */; };
		31E5F59E1F8AD4BC008A74F7 /* ShoppingsTableRowViewModel.swift in Sources */ = {isa = PBXBuildFile; fileRef = 31E5F59D1F8AD4BC008A74F7 /* ShoppingsTableRowViewModel.swift */; };
		31E5F5A01F8AEBE5008A74F7 /* Shopping.swift in Sources */ = {isa = PBXBuildFile; fileRef = 31E5F59F1F8AEBE5008A74F7 /* Shopping.swift */; };
		31FAE9FD1F7EF51000EA7660 /* Container.swift in Sources */ = {isa = PBXBuildFile; fileRef = 31FAE9FC1F7EF51000EA7660 /* Container.swift */; };
		31FAE9FF1F7EF61D00EA7660 /* Container_AppDelegateAssembly.swift in Sources */ = {isa = PBXBuildFile; fileRef = 31FAE9FE1F7EF61D00EA7660 /* Container_AppDelegateAssembly.swift */; };
		31FAEA021F7EF92400EA7660 /* ShoppingsViewController.swift in Sources */ = {isa = PBXBuildFile; fileRef = 31FAEA011F7EF92400EA7660 /* ShoppingsViewController.swift */; };
		31FAEA041F7EF93100EA7660 /* Container_ShoppingsViewController.swift in Sources */ = {isa = PBXBuildFile; fileRef = 31FAEA031F7EF93100EA7660 /* Container_ShoppingsViewController.swift */; };
		31FAEA081F7EFA2400EA7660 /* ShoppingsViewControllerSpec.swift in Sources */ = {isa = PBXBuildFile; fileRef = 31FAEA071F7EFA2400EA7660 /* ShoppingsViewControllerSpec.swift */; };
		BE7A26929F5ADFD2AD068633 /* Pods_SharedShoppingAppTests.framework in Frameworks */ = {isa = PBXBuildFile; fileRef = 3FE1EB989DA666332B1D3829 /* Pods_SharedShoppingAppTests.framework */; };
/* End PBXBuildFile section */

/* Begin PBXContainerItemProxy section */
		31AAAEC51F7C43DB000C29AB /* PBXContainerItemProxy */ = {
			isa = PBXContainerItemProxy;
			containerPortal = 319486191F7C389C00DB435B /* Project object */;
			proxyType = 1;
			remoteGlobalIDString = 319486201F7C389C00DB435B;
			remoteInfo = SharedShoppingApp;
		};
/* End PBXContainerItemProxy section */

/* Begin PBXFileReference section */
		313AD6941F82EC730055D7CF /* List.swift */ = {isa = PBXFileReference; lastKnownFileType = sourcecode.swift; path = List.swift; sourceTree = "<group>"; };
		313AD6971F82EC950055D7CF /* ListSpec.swift */ = {isa = PBXFileReference; lastKnownFileType = sourcecode.swift; path = ListSpec.swift; sourceTree = "<group>"; };
		313AD6991F83042F0055D7CF /* MutableList.swift */ = {isa = PBXFileReference; lastKnownFileType = sourcecode.swift; path = MutableList.swift; sourceTree = "<group>"; };
		313E8DFD1F845E7C00EE575E /* MutableListSpec.swift */ = {isa = PBXFileReference; lastKnownFileType = sourcecode.swift; path = MutableListSpec.swift; sourceTree = "<group>"; };
		316AA6241F7F10F500A9407E /* ShoppingsTableViewCell.swift */ = {isa = PBXFileReference; lastKnownFileType = sourcecode.swift; path = ShoppingsTableViewCell.swift; sourceTree = "<group>"; };
		317920751F884B6F00D7359F /* UIViewController_Embedding.swift */ = {isa = PBXFileReference; lastKnownFileType = sourcecode.swift; path = UIViewController_Embedding.swift; sourceTree = "<group>"; };
		317920781F884B9A00D7359F /* TableViewController.swift */ = {isa = PBXFileReference; lastKnownFileType = sourcecode.swift; path = TableViewController.swift; sourceTree = "<group>"; };
		3179207A1F884BBB00D7359F /* TableRowViewModel.swift */ = {isa = PBXFileReference; lastKnownFileType = sourcecode.swift; path = TableRowViewModel.swift; sourceTree = "<group>"; };
		3179207C1F884BE800D7359F /* ShoppingsTableRow.swift */ = {isa = PBXFileReference; lastKnownFileType = sourcecode.swift; path = ShoppingsTableRow.swift; sourceTree = "<group>"; };
		3179207F1F884CFA00D7359F /* TableViewControllerSpec.swift */ = {isa = PBXFileReference; lastKnownFileType = sourcecode.swift; path = TableViewControllerSpec.swift; sourceTree = "<group>"; };
		317920811F88597000D7359F /* TableRowStub.swift */ = {isa = PBXFileReference; lastKnownFileType = sourcecode.swift; path = TableRowStub.swift; sourceTree = "<group>"; };
		317920831F8859E600D7359F /* Container_ShoppingsTableViewModel.swift */ = {isa = PBXFileReference; lastKnownFileType = sourcecode.swift; path = Container_ShoppingsTableViewModel.swift; sourceTree = "<group>"; };
		317920851F885A0100D7359F /* ShoppingsTableViewModel.swift */ = {isa = PBXFileReference; lastKnownFileType = sourcecode.swift; path = ShoppingsTableViewModel.swift; sourceTree = "<group>"; };
		319486211F7C389C00DB435B /* SharedShoppingApp.app */ = {isa = PBXFileReference; explicitFileType = wrapper.application; includeInIndex = 0; path = SharedShoppingApp.app; sourceTree = BUILT_PRODUCTS_DIR; };
		319486241F7C389C00DB435B /* AppDelegate.swift */ = {isa = PBXFileReference; lastKnownFileType = sourcecode.swift; path = AppDelegate.swift; sourceTree = "<group>"; };
		3194862B1F7C389C00DB435B /* Assets.xcassets */ = {isa = PBXFileReference; lastKnownFileType = folder.assetcatalog; path = Assets.xcassets; sourceTree = "<group>"; };
		3194862E1F7C389C00DB435B /* Base */ = {isa = PBXFileReference; lastKnownFileType = file.storyboard; name = Base; path = Base.lproj/LaunchScreen.storyboard; sourceTree = "<group>"; };
		319486301F7C389C00DB435B /* Info.plist */ = {isa = PBXFileReference; lastKnownFileType = text.plist.xml; path = Info.plist; sourceTree = "<group>"; };
		31A6F86F1F7C4D7A00D40F15 /* AppDelegateSpec.swift */ = {isa = PBXFileReference; lastKnownFileType = sourcecode.swift; path = AppDelegateSpec.swift; sourceTree = "<group>"; };
		31AAAEC01F7C43DB000C29AB /* SharedShoppingAppTests.xctest */ = {isa = PBXFileReference; explicitFileType = wrapper.cfbundle; includeInIndex = 0; path = SharedShoppingAppTests.xctest; sourceTree = BUILT_PRODUCTS_DIR; };
		31AAAEC41F7C43DB000C29AB /* Info.plist */ = {isa = PBXFileReference; lastKnownFileType = text.plist.xml; path = Info.plist; sourceTree = "<group>"; };
		31E5F59D1F8AD4BC008A74F7 /* ShoppingsTableRowViewModel.swift */ = {isa = PBXFileReference; lastKnownFileType = sourcecode.swift; path = ShoppingsTableRowViewModel.swift; sourceTree = "<group>"; };
		31E5F59F1F8AEBE5008A74F7 /* Shopping.swift */ = {isa = PBXFileReference; lastKnownFileType = sourcecode.swift; path = Shopping.swift; sourceTree = "<group>"; };
		31FAE9FC1F7EF51000EA7660 /* Container.swift */ = {isa = PBXFileReference; lastKnownFileType = sourcecode.swift; path = Container.swift; sourceTree = "<group>"; };
		31FAE9FE1F7EF61D00EA7660 /* Container_AppDelegateAssembly.swift */ = {isa = PBXFileReference; lastKnownFileType = sourcecode.swift; path = Container_AppDelegateAssembly.swift; sourceTree = "<group>"; };
		31FAEA011F7EF92400EA7660 /* ShoppingsViewController.swift */ = {isa = PBXFileReference; lastKnownFileType = sourcecode.swift; path = ShoppingsViewController.swift; sourceTree = "<group>"; };
		31FAEA031F7EF93100EA7660 /* Container_ShoppingsViewController.swift */ = {isa = PBXFileReference; lastKnownFileType = sourcecode.swift; path = Container_ShoppingsViewController.swift; sourceTree = "<group>"; };
		31FAEA071F7EFA2400EA7660 /* ShoppingsViewControllerSpec.swift */ = {isa = PBXFileReference; lastKnownFileType = sourcecode.swift; path = ShoppingsViewControllerSpec.swift; sourceTree = "<group>"; };
		3FE1EB989DA666332B1D3829 /* Pods_SharedShoppingAppTests.framework */ = {isa = PBXFileReference; explicitFileType = wrapper.framework; includeInIndex = 0; path = Pods_SharedShoppingAppTests.framework; sourceTree = BUILT_PRODUCTS_DIR; };
		4177C5561BED78236EB9CE18 /* Pods-SharedShoppingApp.debug.xcconfig */ = {isa = PBXFileReference; includeInIndex = 1; lastKnownFileType = text.xcconfig; name = "Pods-SharedShoppingApp.debug.xcconfig"; path = "Pods/Target Support Files/Pods-SharedShoppingApp/Pods-SharedShoppingApp.debug.xcconfig"; sourceTree = "<group>"; };
		4F2C53193E751D3D2C19E495 /* Pods-SharedShoppingAppTests.release.xcconfig */ = {isa = PBXFileReference; includeInIndex = 1; lastKnownFileType = text.xcconfig; name = "Pods-SharedShoppingAppTests.release.xcconfig"; path = "Pods/Target Support Files/Pods-SharedShoppingAppTests/Pods-SharedShoppingAppTests.release.xcconfig"; sourceTree = "<group>"; };
		76CDE8C7A8C2C00A0E3C880C /* Pods-SharedShoppingApp.release.xcconfig */ = {isa = PBXFileReference; includeInIndex = 1; lastKnownFileType = text.xcconfig; name = "Pods-SharedShoppingApp.release.xcconfig"; path = "Pods/Target Support Files/Pods-SharedShoppingApp/Pods-SharedShoppingApp.release.xcconfig"; sourceTree = "<group>"; };
		9A7ABAC7A318911EFE92EF12 /* Pods-SharedShoppingAppTests.debug.xcconfig */ = {isa = PBXFileReference; includeInIndex = 1; lastKnownFileType = text.xcconfig; name = "Pods-SharedShoppingAppTests.debug.xcconfig"; path = "Pods/Target Support Files/Pods-SharedShoppingAppTests/Pods-SharedShoppingAppTests.debug.xcconfig"; sourceTree = "<group>"; };
		FFF508ADFF86653D01AD5541 /* Pods_SharedShoppingApp.framework */ = {isa = PBXFileReference; explicitFileType = wrapper.framework; includeInIndex = 0; path = Pods_SharedShoppingApp.framework; sourceTree = BUILT_PRODUCTS_DIR; };
/* End PBXFileReference section */

/* Begin PBXFrameworksBuildPhase section */
		3194861E1F7C389C00DB435B /* Frameworks */ = {
			isa = PBXFrameworksBuildPhase;
			buildActionMask = 2147483647;
			files = (
				042F49DE31344DD119989289 /* Pods_SharedShoppingApp.framework in Frameworks */,
			);
			runOnlyForDeploymentPostprocessing = 0;
		};
		31AAAEBD1F7C43DB000C29AB /* Frameworks */ = {
			isa = PBXFrameworksBuildPhase;
			buildActionMask = 2147483647;
			files = (
				BE7A26929F5ADFD2AD068633 /* Pods_SharedShoppingAppTests.framework in Frameworks */,
			);
			runOnlyForDeploymentPostprocessing = 0;
		};
/* End PBXFrameworksBuildPhase section */

/* Begin PBXGroup section */
		1FABA155950D8D51133875C6 /* Pods */ = {
			isa = PBXGroup;
			children = (
				4177C5561BED78236EB9CE18 /* Pods-SharedShoppingApp.debug.xcconfig */,
				76CDE8C7A8C2C00A0E3C880C /* Pods-SharedShoppingApp.release.xcconfig */,
				9A7ABAC7A318911EFE92EF12 /* Pods-SharedShoppingAppTests.debug.xcconfig */,
				4F2C53193E751D3D2C19E495 /* Pods-SharedShoppingAppTests.release.xcconfig */,
			);
			name = Pods;
			sourceTree = "<group>";
		};
		25209D7451839EBBD253DAF0 /* Frameworks */ = {
			isa = PBXGroup;
			children = (
				FFF508ADFF86653D01AD5541 /* Pods_SharedShoppingApp.framework */,
				3FE1EB989DA666332B1D3829 /* Pods_SharedShoppingAppTests.framework */,
			);
			name = Frameworks;
			sourceTree = "<group>";
		};
		313AD6931F82EC640055D7CF /* Models */ = {
			isa = PBXGroup;
			children = (
				313AD6941F82EC730055D7CF /* List.swift */,
				313AD6991F83042F0055D7CF /* MutableList.swift */,
				31E5F59F1F8AEBE5008A74F7 /* Shopping.swift */,
			);
			path = Models;
			sourceTree = "<group>";
		};
		313AD6961F82EC880055D7CF /* Models */ = {
			isa = PBXGroup;
			children = (
				313AD6971F82EC950055D7CF /* ListSpec.swift */,
				313E8DFD1F845E7C00EE575E /* MutableListSpec.swift */,
			);
			path = Models;
			sourceTree = "<group>";
		};
		317920771F884B8E00D7359F /* Table */ = {
			isa = PBXGroup;
			children = (
				3179207A1F884BBB00D7359F /* TableRowViewModel.swift */,
				317920781F884B9A00D7359F /* TableViewController.swift */,
			);
			path = Table;
			sourceTree = "<group>";
		};
		3179207E1F884CED00D7359F /* Table */ = {
			isa = PBXGroup;
			children = (
				317920811F88597000D7359F /* TableRowStub.swift */,
				3179207F1F884CFA00D7359F /* TableViewControllerSpec.swift */,
			);
			path = Table;
			sourceTree = "<group>";
		};
		319486181F7C389C00DB435B = {
			isa = PBXGroup;
			children = (
				25209D7451839EBBD253DAF0 /* Frameworks */,
				1FABA155950D8D51133875C6 /* Pods */,
				319486221F7C389C00DB435B /* Products */,
				319486231F7C389C00DB435B /* SharedShoppingApp */,
				31AAAEC11F7C43DB000C29AB /* SharedShoppingAppTests */,
			);
			sourceTree = "<group>";
		};
		319486221F7C389C00DB435B /* Products */ = {
			isa = PBXGroup;
			children = (
				319486211F7C389C00DB435B /* SharedShoppingApp.app */,
				31AAAEC01F7C43DB000C29AB /* SharedShoppingAppTests.xctest */,
			);
			name = Products;
			sourceTree = "<group>";
		};
		319486231F7C389C00DB435B /* SharedShoppingApp */ = {
			isa = PBXGroup;
			children = (
				319486361F7C38F800DB435B /* Application */,
				313AD6931F82EC640055D7CF /* Models */,
				319486371F7C390D00DB435B /* Resources */,
				319486391F7C392300DB435B /* Supporting Files */,
				319486381F7C391B00DB435B /* UI */,
			);
			path = SharedShoppingApp;
			sourceTree = "<group>";
		};
		319486361F7C38F800DB435B /* Application */ = {
			isa = PBXGroup;
			children = (
				319486241F7C389C00DB435B /* AppDelegate.swift */,
				31FAE9FC1F7EF51000EA7660 /* Container.swift */,
				31FAE9FE1F7EF61D00EA7660 /* Container_AppDelegateAssembly.swift */,
			);
			path = Application;
			sourceTree = "<group>";
		};
		319486371F7C390D00DB435B /* Resources */ = {
			isa = PBXGroup;
			children = (
				3194862B1F7C389C00DB435B /* Assets.xcassets */,
			);
			path = Resources;
			sourceTree = "<group>";
		};
		319486381F7C391B00DB435B /* UI */ = {
			isa = PBXGroup;
			children = (
				3194862D1F7C389C00DB435B /* LaunchScreen.storyboard */,
				31FAEA001F7EF8FD00EA7660 /* Shoppings */,
				317920771F884B8E00D7359F /* Table */,
				317920751F884B6F00D7359F /* UIViewController_Embedding.swift */,
			);
			path = UI;
			sourceTree = "<group>";
		};
		319486391F7C392300DB435B /* Supporting Files */ = {
			isa = PBXGroup;
			children = (
				319486301F7C389C00DB435B /* Info.plist */,
			);
			path = "Supporting Files";
			sourceTree = "<group>";
		};
		31A6F86E1F7C4D4F00D40F15 /* Application */ = {
			isa = PBXGroup;
			children = (
				31A6F86F1F7C4D7A00D40F15 /* AppDelegateSpec.swift */,
			);
			path = Application;
			sourceTree = "<group>";
		};
		31AAAEC11F7C43DB000C29AB /* SharedShoppingAppTests */ = {
			isa = PBXGroup;
			children = (
				31A6F86E1F7C4D4F00D40F15 /* Application */,
				313AD6961F82EC880055D7CF /* Models */,
				31AAAECA1F7C442B000C29AB /* Supporting Files */,
				31FAEA051F7EFA0800EA7660 /* UI */,
			);
			path = SharedShoppingAppTests;
			sourceTree = "<group>";
		};
		31AAAECA1F7C442B000C29AB /* Supporting Files */ = {
			isa = PBXGroup;
			children = (
				31AAAEC41F7C43DB000C29AB /* Info.plist */,
			);
			path = "Supporting Files";
			sourceTree = "<group>";
		};
		31FAEA001F7EF8FD00EA7660 /* Shoppings */ = {
			isa = PBXGroup;
			children = (
				317920831F8859E600D7359F /* Container_ShoppingsTableViewModel.swift */,
				31FAEA031F7EF93100EA7660 /* Container_ShoppingsViewController.swift */,
				3179207C1F884BE800D7359F /* ShoppingsTableRow.swift */,
				316AA6241F7F10F500A9407E /* ShoppingsTableViewCell.swift */,
				317920851F885A0100D7359F /* ShoppingsTableViewModel.swift */,
				31FAEA011F7EF92400EA7660 /* ShoppingsViewController.swift */,
				31E5F59D1F8AD4BC008A74F7 /* ShoppingsTableRowViewModel.swift */,
			);
			path = Shoppings;
			sourceTree = "<group>";
		};
		31FAEA051F7EFA0800EA7660 /* UI */ = {
			isa = PBXGroup;
			children = (
				31FAEA061F7EFA1600EA7660 /* Shoppings */,
				3179207E1F884CED00D7359F /* Table */,
			);
			path = UI;
			sourceTree = "<group>";
		};
		31FAEA061F7EFA1600EA7660 /* Shoppings */ = {
			isa = PBXGroup;
			children = (
				31FAEA071F7EFA2400EA7660 /* ShoppingsViewControllerSpec.swift */,
			);
			path = Shoppings;
			sourceTree = "<group>";
		};
/* End PBXGroup section */

/* Begin PBXNativeTarget section */
		319486201F7C389C00DB435B /* SharedShoppingApp */ = {
			isa = PBXNativeTarget;
			buildConfigurationList = 319486331F7C389C00DB435B /* Build configuration list for PBXNativeTarget "SharedShoppingApp" */;
			buildPhases = (
				D8D8774B49D36F13DCCA5E67 /* [CP] Check Pods Manifest.lock */,
				315865A51F7C3EF100C33EA5 /* Run SwiftLint */,
				3194861D1F7C389C00DB435B /* Sources */,
				3194861E1F7C389C00DB435B /* Frameworks */,
				3194861F1F7C389C00DB435B /* Resources */,
				AF7FFFBC407120512F5E1DC8 /* [CP] Embed Pods Frameworks */,
				D312E6F2432E53D9B0F4F5BC /* [CP] Copy Pods Resources */,
			);
			buildRules = (
			);
			dependencies = (
			);
			name = SharedShoppingApp;
			productName = SharedShopping;
			productReference = 319486211F7C389C00DB435B /* SharedShoppingApp.app */;
			productType = "com.apple.product-type.application";
		};
		31AAAEBF1F7C43DB000C29AB /* SharedShoppingAppTests */ = {
			isa = PBXNativeTarget;
			buildConfigurationList = 31AAAEC91F7C43DB000C29AB /* Build configuration list for PBXNativeTarget "SharedShoppingAppTests" */;
			buildPhases = (
				1C80E8660BE07F75FA5EF464 /* [CP] Check Pods Manifest.lock */,
				31AAAECB1F7C44AE000C29AB /* Run SwiftLint */,
				31AAAEBC1F7C43DB000C29AB /* Sources */,
				31AAAEBD1F7C43DB000C29AB /* Frameworks */,
				31AAAEBE1F7C43DB000C29AB /* Resources */,
				3BB1EAE75E34E6DAEDA2B1C8 /* [CP] Embed Pods Frameworks */,
				3ABCB7946FDE9BF5AA88E191 /* [CP] Copy Pods Resources */,
			);
			buildRules = (
			);
			dependencies = (
				31AAAEC61F7C43DB000C29AB /* PBXTargetDependency */,
			);
			name = SharedShoppingAppTests;
			productName = SharedShoppingAppTests;
			productReference = 31AAAEC01F7C43DB000C29AB /* SharedShoppingAppTests.xctest */;
			productType = "com.apple.product-type.bundle.unit-test";
		};
/* End PBXNativeTarget section */

/* Begin PBXProject section */
		319486191F7C389C00DB435B /* Project object */ = {
			isa = PBXProject;
			attributes = {
				LastSwiftUpdateCheck = 0900;
				LastUpgradeCheck = 0900;
				ORGANIZATIONNAME = "Dariusz Rybicki";
				TargetAttributes = {
					319486201F7C389C00DB435B = {
						CreatedOnToolsVersion = 9.0;
						ProvisioningStyle = Manual;
					};
					31AAAEBF1F7C43DB000C29AB = {
						CreatedOnToolsVersion = 9.0;
						ProvisioningStyle = Manual;
						TestTargetID = 319486201F7C389C00DB435B;
					};
				};
			};
			buildConfigurationList = 3194861C1F7C389C00DB435B /* Build configuration list for PBXProject "SharedShopping" */;
			compatibilityVersion = "Xcode 8.0";
			developmentRegion = en;
			hasScannedForEncodings = 0;
			knownRegions = (
				en,
				Base,
			);
			mainGroup = 319486181F7C389C00DB435B;
			productRefGroup = 319486221F7C389C00DB435B /* Products */;
			projectDirPath = "";
			projectRoot = "";
			targets = (
				319486201F7C389C00DB435B /* SharedShoppingApp */,
				31AAAEBF1F7C43DB000C29AB /* SharedShoppingAppTests */,
			);
		};
/* End PBXProject section */

/* Begin PBXResourcesBuildPhase section */
		3194861F1F7C389C00DB435B /* Resources */ = {
			isa = PBXResourcesBuildPhase;
			buildActionMask = 2147483647;
			files = (
				3194862F1F7C389C00DB435B /* LaunchScreen.storyboard in Resources */,
				3194862C1F7C389C00DB435B /* Assets.xcassets in Resources */,
			);
			runOnlyForDeploymentPostprocessing = 0;
		};
		31AAAEBE1F7C43DB000C29AB /* Resources */ = {
			isa = PBXResourcesBuildPhase;
			buildActionMask = 2147483647;
			files = (
			);
			runOnlyForDeploymentPostprocessing = 0;
		};
/* End PBXResourcesBuildPhase section */

/* Begin PBXShellScriptBuildPhase section */
		1C80E8660BE07F75FA5EF464 /* [CP] Check Pods Manifest.lock */ = {
			isa = PBXShellScriptBuildPhase;
			buildActionMask = 2147483647;
			files = (
			);
			inputPaths = (
				"${PODS_PODFILE_DIR_PATH}/Podfile.lock",
				"${PODS_ROOT}/Manifest.lock",
			);
			name = "[CP] Check Pods Manifest.lock";
			outputPaths = (
				"$(DERIVED_FILE_DIR)/Pods-SharedShoppingAppTests-checkManifestLockResult.txt",
			);
			runOnlyForDeploymentPostprocessing = 0;
			shellPath = /bin/sh;
			shellScript = "diff \"${PODS_PODFILE_DIR_PATH}/Podfile.lock\" \"${PODS_ROOT}/Manifest.lock\" > /dev/null\nif [ $? != 0 ] ; then\n    # print error to STDERR\n    echo \"error: The sandbox is not in sync with the Podfile.lock. Run 'pod install' or update your CocoaPods installation.\" >&2\n    exit 1\nfi\n# This output is used by Xcode 'outputs' to avoid re-running this script phase.\necho \"SUCCESS\" > \"${SCRIPT_OUTPUT_FILE_0}\"\n";
			showEnvVarsInLog = 0;
		};
		315865A51F7C3EF100C33EA5 /* Run SwiftLint */ = {
			isa = PBXShellScriptBuildPhase;
			buildActionMask = 2147483647;
			files = (
			);
			inputPaths = (
			);
			name = "Run SwiftLint";
			outputPaths = (
			);
			runOnlyForDeploymentPostprocessing = 0;
			shellPath = /bin/sh;
			shellScript = "if [ \"$CI\" = \"true\" ]; then\n  echo \"Skipping SwiftLint on CI\"\n  exit 0\nfi\necho \"Running SwiftLint on app target\"\ncd SharedShoppingApp; ${PODS_ROOT}/SwiftLint/swiftlint";
		};
		31AAAECB1F7C44AE000C29AB /* Run SwiftLint */ = {
			isa = PBXShellScriptBuildPhase;
			buildActionMask = 2147483647;
			files = (
			);
			inputPaths = (
			);
			name = "Run SwiftLint";
			outputPaths = (
			);
			runOnlyForDeploymentPostprocessing = 0;
			shellPath = /bin/sh;
			shellScript = "if [ \"$CI\" = \"true\" ]; then\n  echo \"Skipping SwiftLint on CI\"\n  exit 0\nfi\necho \"Running SwiftLint on unit tests target\"\ncd SharedShoppingAppTests; ${PODS_ROOT}/SwiftLint/swiftlint";
		};
		3ABCB7946FDE9BF5AA88E191 /* [CP] Copy Pods Resources */ = {
			isa = PBXShellScriptBuildPhase;
			buildActionMask = 2147483647;
			files = (
			);
			inputPaths = (
			);
			name = "[CP] Copy Pods Resources";
			outputPaths = (
			);
			runOnlyForDeploymentPostprocessing = 0;
			shellPath = /bin/sh;
			shellScript = "\"${SRCROOT}/Pods/Target Support Files/Pods-SharedShoppingAppTests/Pods-SharedShoppingAppTests-resources.sh\"\n";
			showEnvVarsInLog = 0;
		};
		3BB1EAE75E34E6DAEDA2B1C8 /* [CP] Embed Pods Frameworks */ = {
			isa = PBXShellScriptBuildPhase;
			buildActionMask = 2147483647;
			files = (
			);
			inputPaths = (
				"${SRCROOT}/Pods/Target Support Files/Pods-SharedShoppingAppTests/Pods-SharedShoppingAppTests-frameworks.sh",
				"${BUILT_PRODUCTS_DIR}/RxSwift/RxSwift.framework",
				"${BUILT_PRODUCTS_DIR}/Nimble/Nimble.framework",
				"${BUILT_PRODUCTS_DIR}/Quick/Quick.framework",
				"${BUILT_PRODUCTS_DIR}/RxBlocking/RxBlocking.framework",
				"${BUILT_PRODUCTS_DIR}/RxTest/RxTest.framework",
			);
			name = "[CP] Embed Pods Frameworks";
			outputPaths = (
				"${TARGET_BUILD_DIR}/${FRAMEWORKS_FOLDER_PATH}/RxSwift.framework",
				"${TARGET_BUILD_DIR}/${FRAMEWORKS_FOLDER_PATH}/Nimble.framework",
				"${TARGET_BUILD_DIR}/${FRAMEWORKS_FOLDER_PATH}/Quick.framework",
				"${TARGET_BUILD_DIR}/${FRAMEWORKS_FOLDER_PATH}/RxBlocking.framework",
				"${TARGET_BUILD_DIR}/${FRAMEWORKS_FOLDER_PATH}/RxTest.framework",
			);
			runOnlyForDeploymentPostprocessing = 0;
			shellPath = /bin/sh;
			shellScript = "\"${SRCROOT}/Pods/Target Support Files/Pods-SharedShoppingAppTests/Pods-SharedShoppingAppTests-frameworks.sh\"\n";
			showEnvVarsInLog = 0;
		};
		AF7FFFBC407120512F5E1DC8 /* [CP] Embed Pods Frameworks */ = {
			isa = PBXShellScriptBuildPhase;
			buildActionMask = 2147483647;
			files = (
			);
			inputPaths = (
				"${SRCROOT}/Pods/Target Support Files/Pods-SharedShoppingApp/Pods-SharedShoppingApp-frameworks.sh",
				"${PODS_ROOT}/Reveal-SDK/RevealServer-11/iOS/RevealServer.framework",
				"${BUILT_PRODUCTS_DIR}/RxCocoa/RxCocoa.framework",
				"${BUILT_PRODUCTS_DIR}/RxSwift/RxSwift.framework",
				"${BUILT_PRODUCTS_DIR}/SnapKit/SnapKit.framework",
			);
			name = "[CP] Embed Pods Frameworks";
			outputPaths = (
				"${TARGET_BUILD_DIR}/${FRAMEWORKS_FOLDER_PATH}/RevealServer.framework",
				"${TARGET_BUILD_DIR}/${FRAMEWORKS_FOLDER_PATH}/RxCocoa.framework",
				"${TARGET_BUILD_DIR}/${FRAMEWORKS_FOLDER_PATH}/RxSwift.framework",
				"${TARGET_BUILD_DIR}/${FRAMEWORKS_FOLDER_PATH}/SnapKit.framework",
			);
			runOnlyForDeploymentPostprocessing = 0;
			shellPath = /bin/sh;
			shellScript = "\"${SRCROOT}/Pods/Target Support Files/Pods-SharedShoppingApp/Pods-SharedShoppingApp-frameworks.sh\"\n";
			showEnvVarsInLog = 0;
		};
		D312E6F2432E53D9B0F4F5BC /* [CP] Copy Pods Resources */ = {
			isa = PBXShellScriptBuildPhase;
			buildActionMask = 2147483647;
			files = (
			);
			inputPaths = (
			);
			name = "[CP] Copy Pods Resources";
			outputPaths = (
			);
			runOnlyForDeploymentPostprocessing = 0;
			shellPath = /bin/sh;
			shellScript = "\"${SRCROOT}/Pods/Target Support Files/Pods-SharedShoppingApp/Pods-SharedShoppingApp-resources.sh\"\n";
			showEnvVarsInLog = 0;
		};
		D8D8774B49D36F13DCCA5E67 /* [CP] Check Pods Manifest.lock */ = {
			isa = PBXShellScriptBuildPhase;
			buildActionMask = 2147483647;
			files = (
			);
			inputPaths = (
				"${PODS_PODFILE_DIR_PATH}/Podfile.lock",
				"${PODS_ROOT}/Manifest.lock",
			);
			name = "[CP] Check Pods Manifest.lock";
			outputPaths = (
				"$(DERIVED_FILE_DIR)/Pods-SharedShoppingApp-checkManifestLockResult.txt",
			);
			runOnlyForDeploymentPostprocessing = 0;
			shellPath = /bin/sh;
			shellScript = "diff \"${PODS_PODFILE_DIR_PATH}/Podfile.lock\" \"${PODS_ROOT}/Manifest.lock\" > /dev/null\nif [ $? != 0 ] ; then\n    # print error to STDERR\n    echo \"error: The sandbox is not in sync with the Podfile.lock. Run 'pod install' or update your CocoaPods installation.\" >&2\n    exit 1\nfi\n# This output is used by Xcode 'outputs' to avoid re-running this script phase.\necho \"SUCCESS\" > \"${SCRIPT_OUTPUT_FILE_0}\"\n";
			showEnvVarsInLog = 0;
		};
/* End PBXShellScriptBuildPhase section */

/* Begin PBXSourcesBuildPhase section */
		3194861D1F7C389C00DB435B /* Sources */ = {
			isa = PBXSourcesBuildPhase;
			buildActionMask = 2147483647;
			files = (
				31FAEA021F7EF92400EA7660 /* ShoppingsViewController.swift in Sources */,
				3179207B1F884BBB00D7359F /* TableRowViewModel.swift in Sources */,
				31FAE9FF1F7EF61D00EA7660 /* Container_AppDelegateAssembly.swift in Sources */,
				313AD69A1F83042F0055D7CF /* MutableList.swift in Sources */,
				31E5F5A01F8AEBE5008A74F7 /* Shopping.swift in Sources */,
				317920791F884B9A00D7359F /* TableViewController.swift in Sources */,
				317920861F885A0100D7359F /* ShoppingsTableViewModel.swift in Sources */,
				3179207D1F884BE800D7359F /* ShoppingsTableRow.swift in Sources */,
				313AD6951F82EC730055D7CF /* List.swift in Sources */,
				317920761F884B6F00D7359F /* UIViewController_Embedding.swift in Sources */,
				31FAEA041F7EF93100EA7660 /* Container_ShoppingsViewController.swift in Sources */,
				316AA6251F7F10F500A9407E /* ShoppingsTableViewCell.swift in Sources */,
				31FAE9FD1F7EF51000EA7660 /* Container.swift in Sources */,
				319486251F7C389C00DB435B /* AppDelegate.swift in Sources */,
				317920841F8859E600D7359F /* Container_ShoppingsTableViewModel.swift in Sources */,
				31E5F59E1F8AD4BC008A74F7 /* ShoppingsTableRowViewModel.swift in Sources */,
			);
			runOnlyForDeploymentPostprocessing = 0;
		};
		31AAAEBC1F7C43DB000C29AB /* Sources */ = {
			isa = PBXSourcesBuildPhase;
			buildActionMask = 2147483647;
			files = (
				317920821F88597000D7359F /* TableRowStub.swift in Sources */,
				313AD6981F82EC950055D7CF /* ListSpec.swift in Sources */,
				313E8DFE1F845E7C00EE575E /* MutableListSpec.swift in Sources */,
				317920801F884CFA00D7359F /* TableViewControllerSpec.swift in Sources */,
				31A6F8701F7C4D7A00D40F15 /* AppDelegateSpec.swift in Sources */,
				31FAEA081F7EFA2400EA7660 /* ShoppingsViewControllerSpec.swift in Sources */,
			);
			runOnlyForDeploymentPostprocessing = 0;
		};
/* End PBXSourcesBuildPhase section */

/* Begin PBXTargetDependency section */
		31AAAEC61F7C43DB000C29AB /* PBXTargetDependency */ = {
			isa = PBXTargetDependency;
			target = 319486201F7C389C00DB435B /* SharedShoppingApp */;
			targetProxy = 31AAAEC51F7C43DB000C29AB /* PBXContainerItemProxy */;
		};
/* End PBXTargetDependency section */

/* Begin PBXVariantGroup section */
		3194862D1F7C389C00DB435B /* LaunchScreen.storyboard */ = {
			isa = PBXVariantGroup;
			children = (
				3194862E1F7C389C00DB435B /* Base */,
			);
			name = LaunchScreen.storyboard;
			sourceTree = "<group>";
		};
/* End PBXVariantGroup section */

/* Begin XCBuildConfiguration section */
		319486311F7C389C00DB435B /* Debug */ = {
			isa = XCBuildConfiguration;
			buildSettings = {
				ALWAYS_SEARCH_USER_PATHS = NO;
				CLANG_ANALYZER_NONNULL = YES;
				CLANG_ANALYZER_NUMBER_OBJECT_CONVERSION = YES_AGGRESSIVE;
				CLANG_CXX_LANGUAGE_STANDARD = "gnu++14";
				CLANG_CXX_LIBRARY = "libc++";
				CLANG_ENABLE_MODULES = YES;
				CLANG_ENABLE_OBJC_ARC = YES;
				CLANG_WARN_BLOCK_CAPTURE_AUTORELEASING = YES;
				CLANG_WARN_BOOL_CONVERSION = YES;
				CLANG_WARN_COMMA = YES;
				CLANG_WARN_CONSTANT_CONVERSION = YES;
				CLANG_WARN_DIRECT_OBJC_ISA_USAGE = YES_ERROR;
				CLANG_WARN_DOCUMENTATION_COMMENTS = YES;
				CLANG_WARN_EMPTY_BODY = YES;
				CLANG_WARN_ENUM_CONVERSION = YES;
				CLANG_WARN_INFINITE_RECURSION = YES;
				CLANG_WARN_INT_CONVERSION = YES;
				CLANG_WARN_NON_LITERAL_NULL_CONVERSION = YES;
				CLANG_WARN_OBJC_LITERAL_CONVERSION = YES;
				CLANG_WARN_OBJC_ROOT_CLASS = YES_ERROR;
				CLANG_WARN_RANGE_LOOP_ANALYSIS = YES;
				CLANG_WARN_STRICT_PROTOTYPES = YES;
				CLANG_WARN_SUSPICIOUS_MOVE = YES;
				CLANG_WARN_UNGUARDED_AVAILABILITY = YES_AGGRESSIVE;
				CLANG_WARN_UNREACHABLE_CODE = YES;
				CLANG_WARN__DUPLICATE_METHOD_MATCH = YES;
				CODE_SIGN_IDENTITY = "iPhone Developer";
				COPY_PHASE_STRIP = NO;
				DEBUG_INFORMATION_FORMAT = dwarf;
				ENABLE_STRICT_OBJC_MSGSEND = YES;
				ENABLE_TESTABILITY = YES;
				GCC_C_LANGUAGE_STANDARD = gnu11;
				GCC_DYNAMIC_NO_PIC = NO;
				GCC_NO_COMMON_BLOCKS = YES;
				GCC_OPTIMIZATION_LEVEL = 0;
				GCC_PREPROCESSOR_DEFINITIONS = (
					"DEBUG=1",
					"$(inherited)",
				);
				GCC_WARN_64_TO_32_BIT_CONVERSION = YES;
				GCC_WARN_ABOUT_RETURN_TYPE = YES_ERROR;
				GCC_WARN_UNDECLARED_SELECTOR = YES;
				GCC_WARN_UNINITIALIZED_AUTOS = YES_AGGRESSIVE;
				GCC_WARN_UNUSED_FUNCTION = YES;
				GCC_WARN_UNUSED_VARIABLE = YES;
				IPHONEOS_DEPLOYMENT_TARGET = 11.0;
				MTL_ENABLE_DEBUG_INFO = YES;
				ONLY_ACTIVE_ARCH = YES;
				SDKROOT = iphoneos;
				SWIFT_ACTIVE_COMPILATION_CONDITIONS = DEBUG;
				SWIFT_OPTIMIZATION_LEVEL = "-Onone";
			};
			name = Debug;
		};
		319486321F7C389C00DB435B /* Release */ = {
			isa = XCBuildConfiguration;
			buildSettings = {
				ALWAYS_SEARCH_USER_PATHS = NO;
				CLANG_ANALYZER_NONNULL = YES;
				CLANG_ANALYZER_NUMBER_OBJECT_CONVERSION = YES_AGGRESSIVE;
				CLANG_CXX_LANGUAGE_STANDARD = "gnu++14";
				CLANG_CXX_LIBRARY = "libc++";
				CLANG_ENABLE_MODULES = YES;
				CLANG_ENABLE_OBJC_ARC = YES;
				CLANG_WARN_BLOCK_CAPTURE_AUTORELEASING = YES;
				CLANG_WARN_BOOL_CONVERSION = YES;
				CLANG_WARN_COMMA = YES;
				CLANG_WARN_CONSTANT_CONVERSION = YES;
				CLANG_WARN_DIRECT_OBJC_ISA_USAGE = YES_ERROR;
				CLANG_WARN_DOCUMENTATION_COMMENTS = YES;
				CLANG_WARN_EMPTY_BODY = YES;
				CLANG_WARN_ENUM_CONVERSION = YES;
				CLANG_WARN_INFINITE_RECURSION = YES;
				CLANG_WARN_INT_CONVERSION = YES;
				CLANG_WARN_NON_LITERAL_NULL_CONVERSION = YES;
				CLANG_WARN_OBJC_LITERAL_CONVERSION = YES;
				CLANG_WARN_OBJC_ROOT_CLASS = YES_ERROR;
				CLANG_WARN_RANGE_LOOP_ANALYSIS = YES;
				CLANG_WARN_STRICT_PROTOTYPES = YES;
				CLANG_WARN_SUSPICIOUS_MOVE = YES;
				CLANG_WARN_UNGUARDED_AVAILABILITY = YES_AGGRESSIVE;
				CLANG_WARN_UNREACHABLE_CODE = YES;
				CLANG_WARN__DUPLICATE_METHOD_MATCH = YES;
				CODE_SIGN_IDENTITY = "iPhone Developer";
				COPY_PHASE_STRIP = NO;
				DEBUG_INFORMATION_FORMAT = "dwarf-with-dsym";
				ENABLE_NS_ASSERTIONS = NO;
				ENABLE_STRICT_OBJC_MSGSEND = YES;
				GCC_C_LANGUAGE_STANDARD = gnu11;
				GCC_NO_COMMON_BLOCKS = YES;
				GCC_WARN_64_TO_32_BIT_CONVERSION = YES;
				GCC_WARN_ABOUT_RETURN_TYPE = YES_ERROR;
				GCC_WARN_UNDECLARED_SELECTOR = YES;
				GCC_WARN_UNINITIALIZED_AUTOS = YES_AGGRESSIVE;
				GCC_WARN_UNUSED_FUNCTION = YES;
				GCC_WARN_UNUSED_VARIABLE = YES;
				IPHONEOS_DEPLOYMENT_TARGET = 11.0;
				MTL_ENABLE_DEBUG_INFO = NO;
				SDKROOT = iphoneos;
				SWIFT_OPTIMIZATION_LEVEL = "-Owholemodule";
				VALIDATE_PRODUCT = YES;
			};
			name = Release;
		};
		319486341F7C389C00DB435B /* Debug */ = {
			isa = XCBuildConfiguration;
			baseConfigurationReference = 4177C5561BED78236EB9CE18 /* Pods-SharedShoppingApp.debug.xcconfig */;
			buildSettings = {
				ASSETCATALOG_COMPILER_APPICON_NAME = AppIcon;
				CODE_SIGN_STYLE = Manual;
				DEVELOPMENT_TEAM = "";
				INFOPLIST_FILE = "SharedShoppingApp/Supporting Files/Info.plist";
				LD_RUNPATH_SEARCH_PATHS = "$(inherited) @executable_path/Frameworks";
				PRODUCT_BUNDLE_IDENTIFIER = pl.darrarski.SharedShopping;
				PRODUCT_NAME = "$(TARGET_NAME)";
				PROVISIONING_PROFILE_SPECIFIER = "";
				SWIFT_VERSION = 4.0;
				TARGETED_DEVICE_FAMILY = 1;
			};
			name = Debug;
		};
		319486351F7C389C00DB435B /* Release */ = {
			isa = XCBuildConfiguration;
			baseConfigurationReference = 76CDE8C7A8C2C00A0E3C880C /* Pods-SharedShoppingApp.release.xcconfig */;
			buildSettings = {
				ASSETCATALOG_COMPILER_APPICON_NAME = AppIcon;
				CODE_SIGN_STYLE = Manual;
				DEVELOPMENT_TEAM = "";
				INFOPLIST_FILE = "SharedShoppingApp/Supporting Files/Info.plist";
				LD_RUNPATH_SEARCH_PATHS = "$(inherited) @executable_path/Frameworks";
				PRODUCT_BUNDLE_IDENTIFIER = pl.darrarski.SharedShopping;
				PRODUCT_NAME = "$(TARGET_NAME)";
				PROVISIONING_PROFILE_SPECIFIER = "";
				SWIFT_VERSION = 4.0;
				TARGETED_DEVICE_FAMILY = 1;
			};
			name = Release;
		};
		31AAAEC71F7C43DB000C29AB /* Debug */ = {
			isa = XCBuildConfiguration;
			baseConfigurationReference = 9A7ABAC7A318911EFE92EF12 /* Pods-SharedShoppingAppTests.debug.xcconfig */;
			buildSettings = {
				BUNDLE_LOADER = "$(TEST_HOST)";
				CODE_SIGN_STYLE = Manual;
				DEVELOPMENT_TEAM = "";
				INFOPLIST_FILE = "SharedShoppingAppTests/Supporting Files/Info.plist";
				LD_RUNPATH_SEARCH_PATHS = "$(inherited) @executable_path/Frameworks @loader_path/Frameworks";
				PRODUCT_BUNDLE_IDENTIFIER = pl.darrarski.SharedShoppingAppTests;
				PRODUCT_NAME = "$(TARGET_NAME)";
				PROVISIONING_PROFILE_SPECIFIER = "";
				SWIFT_VERSION = 4.0;
				TARGETED_DEVICE_FAMILY = "1,2";
				TEST_HOST = "$(BUILT_PRODUCTS_DIR)/SharedShoppingApp.app/SharedShoppingApp";
			};
			name = Debug;
		};
		31AAAEC81F7C43DB000C29AB /* Release */ = {
			isa = XCBuildConfiguration;
			baseConfigurationReference = 4F2C53193E751D3D2C19E495 /* Pods-SharedShoppingAppTests.release.xcconfig */;
			buildSettings = {
				BUNDLE_LOADER = "$(TEST_HOST)";
				CODE_SIGN_STYLE = Manual;
				DEVELOPMENT_TEAM = "";
				INFOPLIST_FILE = "SharedShoppingAppTests/Supporting Files/Info.plist";
				LD_RUNPATH_SEARCH_PATHS = "$(inherited) @executable_path/Frameworks @loader_path/Frameworks";
				PRODUCT_BUNDLE_IDENTIFIER = pl.darrarski.SharedShoppingAppTests;
				PRODUCT_NAME = "$(TARGET_NAME)";
				PROVISIONING_PROFILE_SPECIFIER = "";
				SWIFT_VERSION = 4.0;
				TARGETED_DEVICE_FAMILY = "1,2";
				TEST_HOST = "$(BUILT_PRODUCTS_DIR)/SharedShoppingApp.app/SharedShoppingApp";
			};
			name = Release;
		};
/* End XCBuildConfiguration section */

/* Begin XCConfigurationList section */
		3194861C1F7C389C00DB435B /* Build configuration list for PBXProject "SharedShopping" */ = {
			isa = XCConfigurationList;
			buildConfigurations = (
				319486311F7C389C00DB435B /* Debug */,
				319486321F7C389C00DB435B /* Release */,
			);
			defaultConfigurationIsVisible = 0;
			defaultConfigurationName = Release;
		};
		319486331F7C389C00DB435B /* Build configuration list for PBXNativeTarget "SharedShoppingApp" */ = {
			isa = XCConfigurationList;
			buildConfigurations = (
				319486341F7C389C00DB435B /* Debug */,
				319486351F7C389C00DB435B /* Release */,
			);
			defaultConfigurationIsVisible = 0;
			defaultConfigurationName = Release;
		};
		31AAAEC91F7C43DB000C29AB /* Build configuration list for PBXNativeTarget "SharedShoppingAppTests" */ = {
			isa = XCConfigurationList;
			buildConfigurations = (
				31AAAEC71F7C43DB000C29AB /* Debug */,
				31AAAEC81F7C43DB000C29AB /* Release */,
			);
			defaultConfigurationIsVisible = 0;
			defaultConfigurationName = Release;
		};
/* End XCConfigurationList section */
	};
	rootObject = 319486191F7C389C00DB435B /* Project object */;
}
